# generated by rye
# use `rye lock` or `rye sync` to update this lockfile
#
# last locked with the following flags:
#   pre: false
#   features: []
#   all-features: false
#   with-sources: false
#   generate-hashes: false
#   universal: false

-e file:.
click==8.3.0
    # via magika
coloredlogs==15.0.1
    # via onnxruntime
flatbuffers==25.9.23
    # via onnxruntime
humanfriendly==10.0
    # via coloredlogs
iniconfig==2.3.0
    # via pytest
loguru==0.7.3
    # via filetype-detector
magika==1.0.1
    # via filetype-detector
mpmath==1.3.0
    # via sympy
numpy==2.3.4
    # via magika
    # via onnxruntime
onnxruntime==1.23.2
    # via magika
packaging==25.0
    # via onnxruntime
    # via pytest
pluggy==1.6.0
    # via pytest
protobuf==6.33.0
    # via onnxruntime
pygments==2.19.2
    # via pytest
pytest==8.4.2
    # via filetype-detector
python-dotenv==1.2.1
    # via magika
python-magic==0.4.27
    # via filetype-detector
sympy==1.14.0
    # via onnxruntime
