version = 1
requires-python = ">=3.10"

[[package]]
name = "bibdivers"
version = "0.1.0"
source = { git = "https://git.code.sf.net/p/ugbibdivers/code#e6437e37a7701fa2d46ec997f2e7fc45f3b32715" }

[[package]]
name = "bibmodell"
version = "0.1.0"
source = { editable = "." }
dependencies = [
    { name = "bibdivers" },
    { name = "psycopg2" },
]

[package.metadata]
requires-dist = [
    { name = "bibdivers", git = "https://git.code.sf.net/p/ugbibdivers/code" },
    { name = "psycopg2", specifier = ">=2.9.9" },
]

[[package]]
name = "psycopg2"
version = "2.9.9"
source = { registry = "https://pypi.org/simple" }
sdist = { url = "https://files.pythonhosted.org/packages/c9/5e/dc6acaf46d78979d6b03458b7a1618a68e152a6776fce95daac5e0f0301b/psycopg2-2.9.9.tar.gz", hash = "sha256:d1454bde93fb1e224166811694d600e746430c006fbb031ea06ecc2ea41bf156", size = 384926 }
wheels = [
    { url = "https://files.pythonhosted.org/packages/a2/14/2767d963915f957c07f5d4c3d9c5c9a407415289f5cde90b82cb3e8c2a12/psycopg2-2.9.9-cp310-cp310-win32.whl", hash = "sha256:38a8dcc6856f569068b47de286b472b7c473ac7977243593a288ebce0dc89516", size = 1025172 },
    { url = "https://files.pythonhosted.org/packages/bc/bc/6572dec6834e779668421e25f8812a872d978e241f85491a5e4dda606a98/psycopg2-2.9.9-cp310-cp310-win_amd64.whl", hash = "sha256:426f9f29bde126913a20a96ff8ce7d73fd8a216cfb323b1f04da402d452853c3", size = 1163569 },
    { url = "https://files.pythonhosted.org/packages/91/2c/1fc5b9d33cd248c548ba19f2cef8e89cabaafab9858a602868a592cdc1b0/psycopg2-2.9.9-cp311-cp311-win32.whl", hash = "sha256:ade01303ccf7ae12c356a5e10911c9e1c51136003a9a1d92f7aa9d010fb98372", size = 1024163 },
    { url = "https://files.pythonhosted.org/packages/37/2c/5133dd3183a3bd82371569f0dd783e6927672de7e671b278ce248810b7f7/psycopg2-2.9.9-cp311-cp311-win_amd64.whl", hash = "sha256:121081ea2e76729acfb0673ff33755e8703d45e926e416cb59bae3a86c6a4981", size = 1163579 },
    { url = "https://files.pythonhosted.org/packages/13/13/f74ffe6b6f58822e807c70391dc5679a53feb92ce119ccb8a6546c3fb893/psycopg2-2.9.9-cp312-cp312-win32.whl", hash = "sha256:d735786acc7dd25815e89cc4ad529a43af779db2e25aa7c626de864127e5a024", size = 1024634 },
    { url = "https://files.pythonhosted.org/packages/58/4b/c4a26e191882b60150bfcb639e416524ae7f8249ab7ee854fb5247f16c40/psycopg2-2.9.9-cp312-cp312-win_amd64.whl", hash = "sha256:a7653d00b732afb6fc597e29c50ad28087dcb4fbfb28e86092277a559ae4e693", size = 1163789 },
]
