{
    "_meta": {
        "hash": {
            "sha256": "03647d1331dd7c6d773b5503a05c9c8520a195cbd701431054596e2ffae974fc"
        },
        "pipfile-spec": 6,
        "requires": {
            "python_version": "3.6.8"
        },
        "sources": [
            {
                "name": "pypi",
                "url": "https://pypi.org/simple",
                "verify_ssl": true
            }
        ]
    },
    "default": {
        "certifi": {
            "hashes": [
                "sha256:78884e7c1d4b00ce3cea67b44566851c4343c120abd683433ce934a68ea58872",
                "sha256:d62a0163eb4c2344ac042ab2bdf75399a71a2d8c7d47eac2e2ee91b9d6339569"
            ],
            "version": "==2021.10.8"
        },
        "charset-normalizer": {
            "hashes": [
                "sha256:2842d8f5e82a1f6aa437380934d5e1cd4fcf2003b06fed6940769c164a480a45",
                "sha256:98398a9d69ee80548c762ba991a4728bfc3836768ed226b3945908d1a688371c"
            ],
            "markers": "python_version >= '3'",
            "version": "==2.0.11"
        },
        "cheroot": {
            "hashes": [
                "sha256:366adf6e7cac9555486c2d1be6297993022eff6f8c4655c1443268cca3f08e25",
                "sha256:62cbced16f07e8aaf512673987cd6b1fc5ad00073345e9ed6c4e2a5cc2a3a22d"
            ],
            "markers": "python_version >= '2.7' and python_version not in '3.0, 3.1, 3.2, 3.3'",
            "version": "==8.6.0"
        },
        "cherrypy": {
            "hashes": [
                "sha256:55659e6f012d374898d6d9d581e17cc1477b6a14710218e64f187b9227bea038",
                "sha256:f33e87286e7b3e309e04e7225d8e49382d9d7773e6092241d7f613893c563495"
            ],
            "index": "pypi",
            "version": "==18.6.1"
        },
        "greenlet": {
            "hashes": [
                "sha256:03e6e40a1c6d523e59e4b80173986dfb4bdefbbd14104a6f1a9d321bb4dc0226",
                "sha256:045a6cdd8d7ba5fffb82b9d4d35ae99bbc57afdd03a8b8eb161ec6fd0d2fc15b",
                "sha256:04828fcd02de1fa606560ac13eaa026a3f1859bbb6098cbb4e2c9471bce73e17",
                "sha256:063c55ae93b19dcbd077182d34ab7e70838d16edae8a5ba9fe1c8f9a6530201d",
                "sha256:08f03790cd6105a5b0f452d798a22bd72944bda41dc674d39dc8e485b730056e",
                "sha256:22b2111811abbd2af884426b2286b41ad3dbec15dcd362f68fc319abdf2d6f36",
                "sha256:44440890e79d8bded5893fa4c322c3d8bf18fdf87657fd6523252ec247be6f4b",
                "sha256:4c74283a777414ea1382448f70340096b360e3dc4bedc64259b0e355328f2f5a",
                "sha256:4c79da840373815c8ebbde0e64aa0b74fbfe74394665dcf318cfd7220ca9ed8b",
                "sha256:4cedd60664090cc7407119fd40b91c9a2a640909c8c59273b180ba61b1ff9210",
                "sha256:53f90311f1779fac5641a75c01ba3b9d088688518915b7138b2f0636f151c20a",
                "sha256:5667b436e4a365f9bc9bb98c0d5356c1929a62a51d78373c92870a138ada273a",
                "sha256:5aa13f7f2650f39653c096cead3346e0a69cc17ad29a91a3a6776801f124b963",
                "sha256:5f9a1fdd3339cd2fcaa2e768fb297429601888ef28ab9509a34cb3dd4497c88f",
                "sha256:61c2fbbf1cebb7cbaa35690143b5dc3212d764c7975957cc5aeacfd5686ad534",
                "sha256:63e0620aec7dc22fd988ec2c62c7e678921d13cf8eaefc2d2df6cc065998cc7b",
                "sha256:676d9c5f0428da9f69621ff71091b4c02d952a2f7e71a47891cde93b9114f048",
                "sha256:678065b2bc9a2fb804a61cfddac6b44cbddb1787e619e47eae3cb25c57709516",
                "sha256:68ebc87166fc0a13d9fb0b7f231790369ea03ca0b7efa6d100ea2f701dfb6a6a",
                "sha256:69a681b219c1208f0dd40c29c142e44a436f1f7add8ae9ac93470c1764b38980",
                "sha256:6bcfa9dd47645ea7ab072422405858ab8afb8420014bd2dfde0fed78d4026e08",
                "sha256:757ddbadc18515d28018c53f98bf85ea7af9fb7accff0d7b5d681bcbfdca9a74",
                "sha256:7bf83a6b7f068e631cfae0a0fc9f7ca73bc8115c0d6240131b1d5c5d7a65bbc2",
                "sha256:800c0e9f13df16c36df8b040bb1693cea4e8375b8ddc730013c87ed656d3659c",
                "sha256:80e8f41031b26856b8e4a0f65a395bb57cb3fcc22a810f87994a266f63f22fd0",
                "sha256:81e8c96d0f590c11ffcbed42293dc3e10be1639a57b0e531a937ac61fb400224",
                "sha256:85a8b1bfccf88326cf36a43a6cd7990afa22f0a02da624ca18ac7eb16bc14edd",
                "sha256:9ad8a0b3542747b4311f03784a87ba2f1c2a0bf15e7e95ecf06d97ccea2f81e9",
                "sha256:9ae7b519fbacaa5bf7e9ba71d582da463ce049e493568be6da80f444504bc951",
                "sha256:9d531a58f3feb283f120bacc817e4d75289bde8263363fbfeedf96376a1c68a8",
                "sha256:9db3f35c9c493dbbf053fb13285822bccbf2a76049328d10edf0daf4591b65a0",
                "sha256:9dcc10e86164853c5267bfac43816048a12dcf4c898c1b83a2eb8d5933da9ee0",
                "sha256:a172161ec09ef67f8b88fce873f3b6b37ca99b4ddd2536147dc611d4d645bc28",
                "sha256:a34b6d63ebaab722f79df4f79cbceab6fac2f96546561848a8ce1513a4478e16",
                "sha256:a74c507dbef45ba85f8565a1bc297f97342a246078af5ea05330992d5a26e72c",
                "sha256:ab6385c0a16c1d33ab45593f0cad49834918ad83d0406b58cd62f1454a1778c6",
                "sha256:ab951ebc9f4c63d9ba0518d533f358519e3633c3a263bfba8674ee0c5043bd1a",
                "sha256:b3ff97e9761e3c392eaba4b7f17da9deb9e1177b372313611ee2358a19f235bb",
                "sha256:b68ff6925dd210a4eac47df411316168a2448178f837fcb01597d9a183ad8603",
                "sha256:b904cbb4b69fa959674043d39aa34ec84abca917037ec931d72003b60b311174",
                "sha256:be681332594c3361a32198fe591f966e6114c67bf62e1cbb1f6fe700e7f809b3",
                "sha256:c006d07a64777466b4ecf75a3fc86f7c687021e9b1fae0a0c3157ae93ce44563",
                "sha256:c9525a82b0ff1bb35253ec2d2e9430c53479274e65bddefbfd5db74972c7202d",
                "sha256:cb1f258971419b4b34f71736b09ce7d3daeea71a5660eb28b34f8a80520ee20b",
                "sha256:ce1f6e65a3b9b6a8b5b1f64ef75e49fa159721c8882027b50cfaa82472bd1c10",
                "sha256:ce2ec312bcb516a83780b659fd008fdd26af449b653c8ffa52e203a397765cc2",
                "sha256:da809e3861a8f697727b6bdf4c735184912215d2eb9df15eb7ad3d6c9d533a52",
                "sha256:edacb7c0f8a42e6df031ef675e29156ca933403f1cb8027e8f2c82ad8d68bc67",
                "sha256:fa04d0419b2ed61125bb8a4a0a810cad428546adeee87cab6f2beee50259fecc"
            ],
            "markers": "python_version >= '3' and platform_machine == 'aarch64' or (platform_machine == 'ppc64le' or (platform_machine == 'x86_64' or (platform_machine == 'amd64' or (platform_machine == 'AMD64' or (platform_machine == 'win32' or platform_machine == 'WIN32')))))",
            "version": "==2.0.0a1"
        },
        "idna": {
            "hashes": [
                "sha256:84d9dd047ffa80596e0f246e2eab0b391788b0503584e8945f2368256d2735ff",
                "sha256:9d643ff0a55b762d5cdb124b8eaa99c66322e2157b69160bc32796e824360e6d"
            ],
            "markers": "python_version >= '3'",
            "version": "==3.3"
        },
        "importlib-metadata": {
            "hashes": [
                "sha256:65a9576a5b2d58ca44d133c42a241905cc45e34d2c06fd5ba2bafa221e5d7b5e",
                "sha256:766abffff765960fcc18003801f7044eb6755ffae4521c8e8ce8e83b9c9b0668"
            ],
            "markers": "python_version < '3.8'",
            "version": "==4.8.3"
        },
        "importlib-resources": {
            "hashes": [
                "sha256:33a95faed5fc19b4bc16b29a6eeae248a3fe69dd55d4d229d2b480e23eeaad45",
                "sha256:d756e2f85dd4de2ba89be0b21dba2a3bbec2e871a42a3a16719258a11f87506b"
            ],
            "markers": "python_version < '3.9'",
            "version": "==5.4.0"
        },
        "jaraco.classes": {
            "hashes": [
                "sha256:22ac35313cf4b145bf7b217cc51be2d98a3d2db1c8558a30ca259d9f0b9c0b7d",
                "sha256:ed54b728af1937dc16b7236fbaf34ba561ba1ace572b03fffa5486ed363ecf34"
            ],
            "markers": "python_version >= '3.6'",
            "version": "==3.2.1"
        },
        "jaraco.collections": {
            "hashes": [
                "sha256:344d14769d716e7496af879ac71b3c6ebdd46abc64bd9ec21d15248365aa3ac9",
                "sha256:6fdf48b6268d44b589a9d7359849f5c4ea6447b59845e489da261996fbc41b79"
            ],
            "markers": "python_version >= '3.6'",
            "version": "==3.4.0"
        },
        "jaraco.context": {
            "hashes": [
                "sha256:17b909da2fb37ad237ca7ff9523977f8665a47a25b90aec6a99a3e0959c86141",
                "sha256:f0d4d82ffbbbff680384eba48a32a3167f12a91a30a7db56fd97b87e73a87241"
            ],
            "markers": "python_version >= '3.6'",
            "version": "==4.1.1"
        },
        "jaraco.functools": {
            "hashes": [
                "sha256:0e02358b3d86fab7963b0afa2181211dfa478ced708b057dba9b277bde9142bb",
                "sha256:659a64743047d00c6ae2a2aa60573c62cfc0b4b70eaa14fa50c80360ada32aa8"
            ],
            "markers": "python_version >= '3.6'",
            "version": "==3.4.0"
        },
        "jaraco.text": {
            "hashes": [
                "sha256:17b43aa0bd46e97c368ccd8a4c8fef2719ca121b6d39ce4be9d9e0143832479a",
                "sha256:a7f9cc1b44a5f3096a216cbd130b650c7a6b2c9f8005b000ae97f329239a7c00"
            ],
            "markers": "python_version >= '3.6'",
            "version": "==3.7.0"
        },
        "jinja2": {
            "hashes": [
                "sha256:077ce6014f7b40d03b47d1f1ca4b0fc8328a692bd284016f806ed0eaca390ad8",
                "sha256:611bb273cd68f3b993fabdc4064fc858c5b47a973cb5aa7999ec1ba405c87cd7"
            ],
            "index": "pypi",
            "version": "==3.0.3"
        },
        "markupsafe": {
            "hashes": [
                "sha256:01a9b8ea66f1658938f65b93a85ebe8bc016e6769611be228d797c9d998dd298",
                "sha256:023cb26ec21ece8dc3907c0e8320058b2e0cb3c55cf9564da612bc325bed5e64",
                "sha256:0446679737af14f45767963a1a9ef7620189912317d095f2d9ffa183a4d25d2b",
                "sha256:04635854b943835a6ea959e948d19dcd311762c5c0c6e1f0e16ee57022669194",
                "sha256:0717a7390a68be14b8c793ba258e075c6f4ca819f15edfc2a3a027c823718567",
                "sha256:0955295dd5eec6cb6cc2fe1698f4c6d84af2e92de33fbcac4111913cd100a6ff",
                "sha256:0d4b31cc67ab36e3392bbf3862cfbadac3db12bdd8b02a2731f509ed5b829724",
                "sha256:10f82115e21dc0dfec9ab5c0223652f7197feb168c940f3ef61563fc2d6beb74",
                "sha256:168cd0a3642de83558a5153c8bd34f175a9a6e7f6dc6384b9655d2697312a646",
                "sha256:1d609f577dc6e1aa17d746f8bd3c31aa4d258f4070d61b2aa5c4166c1539de35",
                "sha256:1f2ade76b9903f39aa442b4aadd2177decb66525062db244b35d71d0ee8599b6",
                "sha256:20dca64a3ef2d6e4d5d615a3fd418ad3bde77a47ec8a23d984a12b5b4c74491a",
                "sha256:2a7d351cbd8cfeb19ca00de495e224dea7e7d919659c2841bbb7f420ad03e2d6",
                "sha256:2d7d807855b419fc2ed3e631034685db6079889a1f01d5d9dac950f764da3dad",
                "sha256:2ef54abee730b502252bcdf31b10dacb0a416229b72c18b19e24a4509f273d26",
                "sha256:36bc903cbb393720fad60fc28c10de6acf10dc6cc883f3e24ee4012371399a38",
                "sha256:37205cac2a79194e3750b0af2a5720d95f786a55ce7df90c3af697bfa100eaac",
                "sha256:3c112550557578c26af18a1ccc9e090bfe03832ae994343cfdacd287db6a6ae7",
                "sha256:3dd007d54ee88b46be476e293f48c85048603f5f516008bee124ddd891398ed6",
                "sha256:4296f2b1ce8c86a6aea78613c34bb1a672ea0e3de9c6ba08a960efe0b0a09047",
                "sha256:47ab1e7b91c098ab893b828deafa1203de86d0bc6ab587b160f78fe6c4011f75",
                "sha256:49e3ceeabbfb9d66c3aef5af3a60cc43b85c33df25ce03d0031a608b0a8b2e3f",
                "sha256:4dc8f9fb58f7364b63fd9f85013b780ef83c11857ae79f2feda41e270468dd9b",
                "sha256:4efca8f86c54b22348a5467704e3fec767b2db12fc39c6d963168ab1d3fc9135",
                "sha256:53edb4da6925ad13c07b6d26c2a852bd81e364f95301c66e930ab2aef5b5ddd8",
                "sha256:5855f8438a7d1d458206a2466bf82b0f104a3724bf96a1c781ab731e4201731a",
                "sha256:594c67807fb16238b30c44bdf74f36c02cdf22d1c8cda91ef8a0ed8dabf5620a",
                "sha256:5b6d930f030f8ed98e3e6c98ffa0652bdb82601e7a016ec2ab5d7ff23baa78d1",
                "sha256:5bb28c636d87e840583ee3adeb78172efc47c8b26127267f54a9c0ec251d41a9",
                "sha256:60bf42e36abfaf9aff1f50f52644b336d4f0a3fd6d8a60ca0d054ac9f713a864",
                "sha256:611d1ad9a4288cf3e3c16014564df047fe08410e628f89805e475368bd304914",
                "sha256:6300b8454aa6930a24b9618fbb54b5a68135092bc666f7b06901f897fa5c2fee",
                "sha256:63f3268ba69ace99cab4e3e3b5840b03340efed0948ab8f78d2fd87ee5442a4f",
                "sha256:6557b31b5e2c9ddf0de32a691f2312a32f77cd7681d8af66c2692efdbef84c18",
                "sha256:693ce3f9e70a6cf7d2fb9e6c9d8b204b6b39897a2c4a1aa65728d5ac97dcc1d8",
                "sha256:6a7fae0dd14cf60ad5ff42baa2e95727c3d81ded453457771d02b7d2b3f9c0c2",
                "sha256:6c4ca60fa24e85fe25b912b01e62cb969d69a23a5d5867682dd3e80b5b02581d",
                "sha256:6fcf051089389abe060c9cd7caa212c707e58153afa2c649f00346ce6d260f1b",
                "sha256:7d91275b0245b1da4d4cfa07e0faedd5b0812efc15b702576d103293e252af1b",
                "sha256:89c687013cb1cd489a0f0ac24febe8c7a666e6e221b783e53ac50ebf68e45d86",
                "sha256:8d206346619592c6200148b01a2142798c989edcb9c896f9ac9722a99d4e77e6",
                "sha256:905fec760bd2fa1388bb5b489ee8ee5f7291d692638ea5f67982d968366bef9f",
                "sha256:97383d78eb34da7e1fa37dd273c20ad4320929af65d156e35a5e2d89566d9dfb",
                "sha256:984d76483eb32f1bcb536dc27e4ad56bba4baa70be32fa87152832cdd9db0833",
                "sha256:99df47edb6bda1249d3e80fdabb1dab8c08ef3975f69aed437cb69d0a5de1e28",
                "sha256:9f02365d4e99430a12647f09b6cc8bab61a6564363f313126f775eb4f6ef798e",
                "sha256:a30e67a65b53ea0a5e62fe23682cfe22712e01f453b95233b25502f7c61cb415",
                "sha256:ab3ef638ace319fa26553db0624c4699e31a28bb2a835c5faca8f8acf6a5a902",
                "sha256:aca6377c0cb8a8253e493c6b451565ac77e98c2951c45f913e0b52facdcff83f",
                "sha256:add36cb2dbb8b736611303cd3bfcee00afd96471b09cda130da3581cbdc56a6d",
                "sha256:b2f4bf27480f5e5e8ce285a8c8fd176c0b03e93dcc6646477d4630e83440c6a9",
                "sha256:b7f2d075102dc8c794cbde1947378051c4e5180d52d276987b8d28a3bd58c17d",
                "sha256:baa1a4e8f868845af802979fcdbf0bb11f94f1cb7ced4c4b8a351bb60d108145",
                "sha256:be98f628055368795d818ebf93da628541e10b75b41c559fdf36d104c5787066",
                "sha256:bf5d821ffabf0ef3533c39c518f3357b171a1651c1ff6827325e4489b0e46c3c",
                "sha256:c47adbc92fc1bb2b3274c4b3a43ae0e4573d9fbff4f54cd484555edbf030baf1",
                "sha256:cdfba22ea2f0029c9261a4bd07e830a8da012291fbe44dc794e488b6c9bb353a",
                "sha256:d6c7ebd4e944c85e2c3421e612a7057a2f48d478d79e61800d81468a8d842207",
                "sha256:d7f9850398e85aba693bb640262d3611788b1f29a79f0c93c565694658f4071f",
                "sha256:d8446c54dc28c01e5a2dbac5a25f071f6653e6e40f3a8818e8b45d790fe6ef53",
                "sha256:deb993cacb280823246a026e3b2d81c493c53de6acfd5e6bfe31ab3402bb37dd",
                "sha256:e0f138900af21926a02425cf736db95be9f4af72ba1bb21453432a07f6082134",
                "sha256:e9936f0b261d4df76ad22f8fee3ae83b60d7c3e871292cd42f40b81b70afae85",
                "sha256:f0567c4dc99f264f49fe27da5f735f414c4e7e7dd850cfd8e69f0862d7c74ea9",
                "sha256:f5653a225f31e113b152e56f154ccbe59eeb1c7487b39b9d9f9cdb58e6c79dc5",
                "sha256:f826e31d18b516f653fe296d967d700fddad5901ae07c622bb3705955e1faa94",
                "sha256:f8ba0e8349a38d3001fae7eadded3f6606f0da5d748ee53cc1dab1d6527b9509",
                "sha256:f9081981fe268bd86831e5c75f7de206ef275defcb82bc70740ae6dc507aee51",
                "sha256:fa130dd50c57d53368c9d59395cb5526eda596d3ffe36666cd81a44d56e48872"
            ],
            "markers": "python_version >= '3.6'",
            "version": "==2.0.1"
        },
        "more-itertools": {
            "hashes": [
                "sha256:43e6dd9942dffd72661a2c4ef383ad7da1e6a3e968a927ad7a6083ab410a688b",
                "sha256:7dc6ad46f05f545f900dd59e8dfb4e84a4827b97b3cfecb175ea0c7d247f6064"
            ],
            "markers": "python_version >= '3.5'",
            "version": "==8.12.0"
        },
        "portend": {
            "hashes": [
                "sha256:4c5a5a05fb31e5df7b73e08e96d55928d8a7f4ae6b4724de3777b06d0e8de693",
                "sha256:df891766ee4fd887d83051b5ee9524aaad95a626f56faf5790682b6250ef03b9"
            ],
            "markers": "python_version >= '3.6'",
            "version": "==3.0.0"
        },
        "pyasn1": {
            "hashes": [
                "sha256:014c0e9976956a08139dc0712ae195324a75e142284d5f87f1a87ee1b068a359",
                "sha256:03840c999ba71680a131cfaee6fab142e1ed9bbd9c693e285cc6aca0d555e576",
                "sha256:0458773cfe65b153891ac249bcf1b5f8f320b7c2ce462151f8fa74de8934becf",
                "sha256:08c3c53b75eaa48d71cf8c710312316392ed40899cb34710d092e96745a358b7",
                "sha256:39c7e2ec30515947ff4e87fb6f456dfc6e84857d34be479c9d4a4ba4bf46aa5d",
                "sha256:5c9414dcfede6e441f7e8f81b43b34e834731003427e5b09e4e00e3172a10f00",
                "sha256:6e7545f1a61025a4e58bb336952c5061697da694db1cae97b116e9c46abcf7c8",
                "sha256:78fa6da68ed2727915c4767bb386ab32cdba863caa7dbe473eaae45f9959da86",
                "sha256:7ab8a544af125fb704feadb008c99a88805126fb525280b2270bb25cc1d78a12",
                "sha256:99fcc3c8d804d1bc6d9a099921e39d827026409a58f2a720dcdb89374ea0c776",
                "sha256:aef77c9fb94a3ac588e87841208bdec464471d9871bd5050a287cc9a475cd0ba",
                "sha256:e89bf84b5437b532b0803ba5c9a5e054d21fec423a89952a74f87fa2c9b7bce2",
                "sha256:fec3e9d8e36808a28efb59b489e4528c10ad0f480e57dcc32b4de5c9d8c9fdf3"
            ],
            "version": "==0.4.8"
        },
        "pyasn1-modules": {
            "hashes": [
                "sha256:0845a5582f6a02bb3e1bde9ecfc4bfcae6ec3210dd270522fee602365430c3f8",
                "sha256:0fe1b68d1e486a1ed5473f1302bd991c1611d319bba158e98b106ff86e1d7199",
                "sha256:15b7c67fabc7fc240d87fb9aabf999cf82311a6d6fb2c70d00d3d0604878c811",
                "sha256:426edb7a5e8879f1ec54a1864f16b882c2837bfd06eee62f2c982315ee2473ed",
                "sha256:65cebbaffc913f4fe9e4808735c95ea22d7a7775646ab690518c056784bc21b4",
                "sha256:905f84c712230b2c592c19470d3ca8d552de726050d1d1716282a1f6146be65e",
                "sha256:a50b808ffeb97cb3601dd25981f6b016cbb3d31fbf57a8b8a87428e6158d0c74",
                "sha256:a99324196732f53093a84c4369c996713eb8c89d360a496b599fb1a9c47fc3eb",
                "sha256:b80486a6c77252ea3a3e9b1e360bc9cf28eaac41263d173c032581ad2f20fe45",
                "sha256:c29a5e5cc7a3f05926aff34e097e84f8589cd790ce0ed41b67aed6857b26aafd",
                "sha256:cbac4bc38d117f2a49aeedec4407d23e8866ea4ac27ff2cf7fb3e5b570df19e0",
                "sha256:f39edd8c4ecaa4556e989147ebf219227e2cd2e8a43c7e7fcb1f1c18c5fd6a3d",
                "sha256:fe0644d9ab041506b62782e92b06b8c68cca799e1a9636ec398675459e031405"
            ],
            "version": "==0.2.8"
        },
        "python-dateutil": {
            "hashes": [
                "sha256:0123cacc1627ae19ddf3c27a5de5bd67ee4586fbdd6440d9748f8abb483d3e86",
                "sha256:961d03dc3453ebbc59dbdea9e4e11c5651520a876d0f4db161e8674aae935da9"
            ],
            "index": "pypi",
            "version": "==2.8.2"
        },
        "python-ldap": {
            "hashes": [
                "sha256:60464c8fc25e71e0fd40449a24eae482dcd0fb7fcf823e7de627a6525b3e0d12"
            ],
            "index": "pypi",
            "version": "==3.4.0"
        },
        "pytz": {
            "hashes": [
                "sha256:3672058bc3453457b622aab7a1c3bfd5ab0bdae451512f6cf25f64ed37f5b87c",
                "sha256:acad2d8b20a1af07d4e4c9d2e9285c5ed9104354062f275f3fcd88dcef4f1326"
            ],
            "version": "==2021.3"
        },
        "requests": {
            "hashes": [
                "sha256:68d7c56fd5a8999887728ef304a6d12edc7be74f1cfa47714fc8b414525c9a61",
                "sha256:f22fa1e554c9ddfd16e6e41ac79759e17be9e492b3587efa038054674760e72d"
            ],
            "index": "pypi",
            "version": "==2.27.1"
        },
        "setuptools": {
            "hashes": [
                "sha256:22c7348c6d2976a52632c67f7ab0cdf40147db7789f9aed18734643fe9cf3373",
                "sha256:4ce92f1e1f8f01233ee9952c04f6b81d1e02939d6e1b488428154974a4d0783e"
            ],
            "markers": "python_version >= '3.6'",
            "version": "==59.6.0"
        },
        "six": {
            "hashes": [
                "sha256:1e61c37477a1626458e36f7b1d82aa5c9b094fa4802892072e49de9c60c4c926",
                "sha256:8abb2f1d86890a2dfb989f9a77cfcfd3e47c2a354b01111771326f8aa26e0254"
            ],
            "markers": "python_version >= '2.7' and python_version not in '3.0, 3.1, 3.2, 3.3'",
            "version": "==1.16.0"
        },
        "sqlalchemy": {
            "hashes": [
                "sha256:05fa14f279d43df68964ad066f653193187909950aa0163320b728edfc400167",
                "sha256:0ddc5e5ccc0160e7ad190e5c61eb57560f38559e22586955f205e537cda26034",
                "sha256:15a03261aa1e68f208e71ae3cd845b00063d242cbf8c87348a0c2c0fc6e1f2ac",
                "sha256:289465162b1fa1e7a982f8abe59d26a8331211cad4942e8031d2b7db1f75e649",
                "sha256:2e216c13ecc7fcdcbb86bb3225425b3ed338e43a8810c7089ddb472676124b9b",
                "sha256:2fd4d3ca64c41dae31228b80556ab55b6489275fb204827f6560b65f95692cf3",
                "sha256:330eb45395874cc7787214fdd4489e2afb931bc49e0a7a8f9cd56d6e9c5b1639",
                "sha256:3c7ed6c69debaf6198fadb1c16ae1253a29a7670bbf0646f92582eb465a0b999",
                "sha256:4ad31cec8b49fd718470328ad9711f4dc703507d434fd45461096da0a7135ee0",
                "sha256:57205844f246bab9b666a32f59b046add8995c665d9ecb2b7b837b087df90639",
                "sha256:582b59d1e5780a447aada22b461e50b404a9dc05768da1d87368ad8190468418",
                "sha256:5e9c7b3567edbc2183607f7d9f3e7e89355b8f8984eec4d2cd1e1513c8f7b43f",
                "sha256:6a01ec49ca54ce03bc14e10de55dfc64187a2194b3b0e5ac0fdbe9b24767e79e",
                "sha256:6f22c040d196f841168b1456e77c30a18a3dc16b336ddbc5a24ce01ab4e95ae0",
                "sha256:81f2dd355b57770fdf292b54f3e0a9823ec27a543f947fa2eb4ec0df44f35f0d",
                "sha256:85e4c244e1de056d48dae466e9baf9437980c19fcde493e0db1a0a986e6d75b4",
                "sha256:8d0949b11681380b4a50ac3cd075e4816afe9fa4a8c8ae006c1ca26f0fa40ad8",
                "sha256:975f5c0793892c634c4920057da0de3a48bbbbd0a5c86f5fcf2f2fedf41b76da",
                "sha256:9e4fb2895b83993831ba2401b6404de953fdbfa9d7d4fa6a4756294a83bbc94f",
                "sha256:b35dca159c1c9fa8a5f9005e42133eed82705bf8e243da371a5e5826440e65ca",
                "sha256:b7b20c88873675903d6438d8b33fba027997193e274b9367421e610d9da76c08",
                "sha256:bb4b15fb1f0aafa65cbdc62d3c2078bea1ceecbfccc9a1f23a2113c9ac1191fa",
                "sha256:c0c7171aa5a57e522a04a31b84798b6c926234cb559c0939840c3235cf068813",
                "sha256:c317ddd7c586af350a6aef22b891e84b16bff1a27886ed5b30f15c1ed59caeaa",
                "sha256:c3abc34fed19fdeaead0ced8cf56dd121f08198008c033596aa6aae7cc58f59f",
                "sha256:ca68c52e3cae491ace2bf39b35fef4ce26c192fd70b4cd90f040d419f70893b5",
                "sha256:cf2cd387409b12d0a8b801610d6336ee7d24043b6dd965950eaec09b73e7262f",
                "sha256:d046a9aeba9bc53e88a41e58beb72b6205abb9a20f6c136161adf9128e589db5",
                "sha256:d5c20c8415173b119762b6110af64448adccd4d11f273fb9f718a9865b88a99c",
                "sha256:d86132922531f0dc5a4f424c7580a472a924dd737602638e704841c9cb24aea2",
                "sha256:dccff41478050e823271642837b904d5f9bda3f5cf7d371ce163f00a694118d6",
                "sha256:de85c26a5a1c72e695ab0454e92f60213b4459b8d7c502e0be7a6369690eeb1a",
                "sha256:e3a86b59b6227ef72ffc10d4b23f0fe994bef64d4667eab4fb8cd43de4223bec",
                "sha256:e79e73d5ee24196d3057340e356e6254af4d10e1fc22d3207ea8342fc5ffb977",
                "sha256:ea8210090a816d48a4291a47462bac750e3bc5c2442e6d64f7b8137a7c3f9ac5",
                "sha256:f3b7ec97e68b68cb1f9ddb82eda17b418f19a034fa8380a0ac04e8fe01532875"
            ],
            "index": "pypi",
            "version": "==1.4.31"
        },
        "tempora": {
            "hashes": [
                "sha256:746ed6fd3529883d81a811fff41b9910ea57067fa84641aa6ecbefffb8322f6d",
                "sha256:fd6cafd66b01390d53a760349cf0b3123844ec6ae3d1043d7190473ea9459138"
            ],
            "markers": "python_version >= '3.6'",
            "version": "==4.1.2"
        },
        "typing-extensions": {
            "hashes": [
                "sha256:4ca091dea149f945ec56afb48dae714f21e8692ef22a395223bcd328961b6a0e",
                "sha256:7f001e5ac290a0c0401508864c7ec868be4e701886d5b573a9528ed3973d9d3b"
            ],
            "markers": "python_version < '3.8'",
            "version": "==4.0.1"
        },
        "urllib3": {
            "hashes": [
                "sha256:000ca7f471a233c2251c6c7023ee85305721bfdf18621ebff4fd17a8653427ed",
                "sha256:0e7c33d9a63e7ddfcb86780aac87befc2fbddf46c58dbb487e0855f7ceec283c"
            ],
            "markers": "python_version >= '2.7' and python_version not in '3.0, 3.1, 3.2, 3.3, 3.4' and python_version < '4'",
            "version": "==1.26.8"
        },
        "zc.lockfile": {
            "hashes": [
                "sha256:307ad78227e48be260e64896ec8886edc7eae22d8ec53e4d528ab5537a83203b",
                "sha256:cc33599b549f0c8a248cb72f3bf32d77712de1ff7ee8814312eb6456b42c015f"
            ],
            "version": "==2.0"
        },
        "zipp": {
            "hashes": [
                "sha256:71c644c5369f4a6e07636f0aa966270449561fcea2e3d6747b8d23efaa9d7832",
                "sha256:9fe5ea21568a0a70e50f273397638d39b03353731e6cbbb3fd8502a33fec40bc"
            ],
            "markers": "python_version >= '3.6'",
            "version": "==3.6.0"
        }
    },
    "develop": {
        "black": {
            "hashes": [
                "sha256:07e5c049442d7ca1a2fc273c79d1aecbbf1bc858f62e8184abe1ad175c4f7cc2",
                "sha256:0e21e1f1efa65a50e3960edd068b6ae6d64ad6235bd8bfea116a03b21836af71",
                "sha256:1297c63b9e1b96a3d0da2d85d11cd9bf8664251fd69ddac068b98dc4f34f73b6",
                "sha256:228b5ae2c8e3d6227e4bde5920d2fc66cc3400fde7bcc74f480cb07ef0b570d5",
                "sha256:2d6f331c02f0f40aa51a22e479c8209d37fcd520c77721c034517d44eecf5912",
                "sha256:2ff96450d3ad9ea499fc4c60e425a1439c2120cbbc1ab959ff20f7c76ec7e866",
                "sha256:3524739d76b6b3ed1132422bf9d82123cd1705086723bc3e235ca39fd21c667d",
                "sha256:35944b7100af4a985abfcaa860b06af15590deb1f392f06c8683b4381e8eeaf0",
                "sha256:373922fc66676133ddc3e754e4509196a8c392fec3f5ca4486673e685a421321",
                "sha256:5fa1db02410b1924b6749c245ab38d30621564e658297484952f3d8a39fce7e8",
                "sha256:6f2f01381f91c1efb1451998bd65a129b3ed6f64f79663a55fe0e9b74a5f81fd",
                "sha256:742ce9af3086e5bd07e58c8feb09dbb2b047b7f566eb5f5bc63fd455814979f3",
                "sha256:7835fee5238fc0a0baf6c9268fb816b5f5cd9b8793423a75e8cd663c48d073ba",
                "sha256:8871fcb4b447206904932b54b567923e5be802b9b19b744fdff092bd2f3118d0",
                "sha256:a7c0192d35635f6fc1174be575cb7915e92e5dd629ee79fdaf0dcfa41a80afb5",
                "sha256:b1a5ed73ab4c482208d20434f700d514f66ffe2840f63a6252ecc43a9bc77e8a",
                "sha256:c8226f50b8c34a14608b848dc23a46e5d08397d009446353dad45e04af0c8e28",
                "sha256:ccad888050f5393f0d6029deea2a33e5ae371fd182a697313bdbd835d3edaf9c",
                "sha256:dae63f2dbf82882fa3b2a3c49c32bffe144970a573cd68d247af6560fc493ae1",
                "sha256:e2f69158a7d120fd641d1fa9a921d898e20d52e44a74a6fbbcc570a62a6bc8ab",
                "sha256:efbadd9b52c060a8fc3b9658744091cb33c31f830b3f074422ed27bad2b18e8f",
                "sha256:f5660feab44c2e3cb24b2419b998846cbb01c23c7fe645fee45087efa3da2d61",
                "sha256:fdb8754b453fb15fad3f72cd9cad3e16776f0964d67cf30ebcbf10327a3777a3"
            ],
            "index": "pypi",
            "version": "==22.1.0"
        },
        "click": {
            "hashes": [
                "sha256:353f466495adaeb40b6b5f592f9f91cb22372351c84caeb068132442a4518ef3",
                "sha256:410e932b050f5eed773c4cda94de75971c89cdb3155a72a0831139a79e5ecb5b"
            ],
            "markers": "python_version >= '3.6'",
            "version": "==8.0.3"
        },
        "dataclasses": {
            "hashes": [
                "sha256:0201d89fa866f68c8ebd9d08ee6ff50c0b255f8ec63a71c16fda7af82bb887bf",
                "sha256:8479067f342acf957dc82ec415d355ab5edb7e7646b90dc6e2fd1d96ad084c97"
            ],
            "markers": "python_version < '3.7'",
            "version": "==0.8"
        },
        "importlib-metadata": {
            "hashes": [
                "sha256:65a9576a5b2d58ca44d133c42a241905cc45e34d2c06fd5ba2bafa221e5d7b5e",
                "sha256:766abffff765960fcc18003801f7044eb6755ffae4521c8e8ce8e83b9c9b0668"
            ],
            "markers": "python_version < '3.8'",
            "version": "==4.8.3"
        },
        "mypy-extensions": {
            "hashes": [
                "sha256:090fedd75945a69ae91ce1303b5824f428daf5a028d2f6ab8a299250a846f15d",
                "sha256:2d82818f5bb3e369420cb3c4060a7970edba416647068eb4c5343488a6c604a8"
            ],
            "version": "==0.4.3"
        },
        "pathspec": {
            "hashes": [
                "sha256:7d15c4ddb0b5c802d161efc417ec1a2558ea2653c2e8ad9c19098201dc1c993a",
                "sha256:e564499435a2673d586f6b2130bb5b95f04a3ba06f81b8f895b651a3c76aabb1"
            ],
            "version": "==0.9.0"
        },
        "platformdirs": {
            "hashes": [
                "sha256:367a5e80b3d04d2428ffa76d33f124cf11e8fff2acdaa9b43d545f5c7d661ef2",
                "sha256:8868bbe3c3c80d42f20156f22e7131d2fb321f5bc86a2a345375c6481a67021d"
            ],
            "markers": "python_version >= '3.6'",
            "version": "==2.4.0"
        },
        "tomli": {
            "hashes": [
                "sha256:05b6166bff487dc068d322585c7ea4ef78deed501cc124060e0f238e89a9231f",
                "sha256:e3069e4be3ead9668e21cb9b074cd948f7b3113fd9c8bba083f48247aab8b11c"
            ],
            "markers": "python_version >= '3.6'",
            "version": "==1.2.3"
        },
        "typed-ast": {
            "hashes": [
                "sha256:0eb77764ea470f14fcbb89d51bc6bbf5e7623446ac4ed06cbd9ca9495b62e36e",
                "sha256:1098df9a0592dd4c8c0ccfc2e98931278a6c6c53cb3a3e2cf7e9ee3b06153344",
                "sha256:183b183b7771a508395d2cbffd6db67d6ad52958a5fdc99f450d954003900266",
                "sha256:18fe320f354d6f9ad3147859b6e16649a0781425268c4dde596093177660e71a",
                "sha256:26a432dc219c6b6f38be20a958cbe1abffcc5492821d7e27f08606ef99e0dffd",
                "sha256:294a6903a4d087db805a7656989f613371915fc45c8cc0ddc5c5a0a8ad9bea4d",
                "sha256:31d8c6b2df19a777bc8826770b872a45a1f30cfefcfd729491baa5237faae837",
                "sha256:33b4a19ddc9fc551ebabca9765d54d04600c4a50eda13893dadf67ed81d9a098",
                "sha256:42c47c3b43fe3a39ddf8de1d40dbbfca60ac8530a36c9b198ea5b9efac75c09e",
                "sha256:525a2d4088e70a9f75b08b3f87a51acc9cde640e19cc523c7e41aa355564ae27",
                "sha256:58ae097a325e9bb7a684572d20eb3e1809802c5c9ec7108e85da1eb6c1a3331b",
                "sha256:676d051b1da67a852c0447621fdd11c4e104827417bf216092ec3e286f7da596",
                "sha256:74cac86cc586db8dfda0ce65d8bcd2bf17b58668dfcc3652762f3ef0e6677e76",
                "sha256:8c08d6625bb258179b6e512f55ad20f9dfef019bbfbe3095247401e053a3ea30",
                "sha256:90904d889ab8e81a956f2c0935a523cc4e077c7847a836abee832f868d5c26a4",
                "sha256:963a0ccc9a4188524e6e6d39b12c9ca24cc2d45a71cfdd04a26d883c922b4b78",
                "sha256:bbebc31bf11762b63bf61aaae232becb41c5bf6b3461b80a4df7e791fabb3aca",
                "sha256:bc2542e83ac8399752bc16e0b35e038bdb659ba237f4222616b4e83fb9654985",
                "sha256:c29dd9a3a9d259c9fa19d19738d021632d673f6ed9b35a739f48e5f807f264fb",
                "sha256:c7407cfcad702f0b6c0e0f3e7ab876cd1d2c13b14ce770e412c0c4b9728a0f88",
                "sha256:da0a98d458010bf4fe535f2d1e367a2e2060e105978873c04c04212fb20543f7",
                "sha256:df05aa5b241e2e8045f5f4367a9f6187b09c4cdf8578bb219861c4e27c443db5",
                "sha256:f290617f74a610849bd8f5514e34ae3d09eafd521dceaa6cf68b3f4414266d4e",
                "sha256:f30ddd110634c2d7534b2d4e0e22967e88366b0d356b24de87419cc4410c41b7"
            ],
            "markers": "python_version < '3.8' and implementation_name == 'cpython'",
            "version": "==1.5.2"
        },
        "typing-extensions": {
            "hashes": [
                "sha256:4ca091dea149f945ec56afb48dae714f21e8692ef22a395223bcd328961b6a0e",
                "sha256:7f001e5ac290a0c0401508864c7ec868be4e701886d5b573a9528ed3973d9d3b"
            ],
            "markers": "python_version < '3.8'",
            "version": "==4.0.1"
        },
        "zipp": {
            "hashes": [
                "sha256:71c644c5369f4a6e07636f0aa966270449561fcea2e3d6747b8d23efaa9d7832",
                "sha256:9fe5ea21568a0a70e50f273397638d39b03353731e6cbbb3fd8502a33fec40bc"
            ],
            "markers": "python_version >= '3.6'",
            "version": "==3.6.0"
        }
    }
}
